
Microsoft Visual Studio Solution File, Format Version 12.00
# Visual Studio Version 17
VisualStudioVersion = 17.7.34031.279
MinimumVisualStudioVersion = 10.0.40219.1
Project("{FAE04EC0-301F-11D3-BF4B-00C04F79EFBC}") = "REST", "REST\REST.csproj", "{B7D25668-D04B-43C7-AD52-0B9DB4ED4F2F}"
EndProject
Global
	GlobalSection(SolutionConfigurationPlatforms) = preSolution
		Debug|Any CPU = Debug|Any CPU
		Release|Any CPU = Release|Any CPU
	EndGlobalSection
	GlobalSection(ProjectConfigurationPlatforms) = postSolution
		{B7D25668-D04B-43C7-AD52-0B9DB4ED4F2F}.Debug|Any CPU.ActiveCfg = Debug|Any CPU
		{B7D25668-D04B-43C7-AD52-0B9DB4ED4F2F}.Debug|Any CPU.Build.0 = Debug|Any CPU
		{B7D25668-D04B-43C7-AD52-0B9DB4ED4F2F}.Release|Any CPU.ActiveCfg = Release|Any CPU
		{B7D25668-D04B-43C7-AD52-0B9DB4ED4F2F}.Release|Any CPU.Build.0 = Release|Any CPU
	EndGlobalSection
	GlobalSection(SolutionProperties) = preSolution
		HideSolutionNode = FALSE
	EndGlobalSection
	GlobalSection(ExtensibilityGlobals) = postSolution
		SolutionGuid = {DA354891-A6EE-40CC-B205-1F10E0EB3C7F}
	EndGlobalSection
EndGlobal
